
Microsoft Visual Studio Solution File, Format Version 12.00
# Visual Studio Express 2012 for Web
Project("{FAE04EC0-301F-11D3-BF4B-00C04F79EFBC}") = "WebApplication7", "WebApplication7\WebApplication7.csproj", "{2C5E6A1E-8FEC-4F9D-968B-B99CD1852B30}"
EndProject
Global
	GlobalSection(SolutionConfigurationPlatforms) = preSolution
		Debug|Any CPU = Debug|Any CPU
		Release|Any CPU = Release|Any CPU
	EndGlobalSection
	GlobalSection(ProjectConfigurationPlatforms) = postSolution
		{2C5E6A1E-8FEC-4F9D-968B-B99CD1852B30}.Debug|Any CPU.ActiveCfg = Debug|Any CPU
		{2C5E6A1E-8FEC-4F9D-968B-B99CD1852B30}.Debug|Any CPU.Build.0 = Debug|Any CPU
		{2C5E6A1E-8FEC-4F9D-968B-B99CD1852B30}.Release|Any CPU.ActiveCfg = Release|Any CPU
		{2C5E6A1E-8FEC-4F9D-968B-B99CD1852B30}.Release|Any CPU.Build.0 = Release|Any CPU
	EndGlobalSection
	GlobalSection(SolutionProperties) = preSolution
		HideSolutionNode = FALSE
	EndGlobalSection
EndGlobal
